
Microsoft Visual Studio Solution File, Format Version 12.00
# Visual Studio Version 17
VisualStudioVersion = 17.9.34723.18
MinimumVisualStudioVersion = 10.0.40219.1
Project("{2150E333-8FDC-42A3-9474-1A3956D46DE8}") = "src", "src", "{E5F0C2B3-BBD1-4636-8EF6-3A75ACC44249}"
EndProject
Project("{2150E333-8FDC-42A3-9474-1A3956D46DE8}") = "test", "test", "{7D9F3145-76F9-4208-B791-FFD27E7A79F7}"
EndProject
Project("{9A19103F-16F7-4668-BE54-9A1E7A4F7556}") = "Zelenium.Core", "src\Zelenium.Core\Zelenium.Core.csproj", "{0FEBFBDC-47C7-42E0-BEE0-BED713A3B988}"
EndProject
Project("{9A19103F-16F7-4668-BE54-9A1E7A4F7556}") = "Zelenium.UnitTests", "test\Zelenium.UnitTests\Zelenium.UnitTests.csproj", "{A850069B-73C3-42B5-935A-7D96798C108C}"
EndProject
Project("{2150E333-8FDC-42A3-9474-1A3956D46DE8}") = "Solution Items", "Solution Items", "{F1780964-6C59-42F5-BF3E-A8038A70953D}"
	ProjectSection(SolutionItems) = preProject
		.editorconfig = .editorconfig
	EndProjectSection
EndProject
Project("{2150E333-8FDC-42A3-9474-1A3956D46DE8}") = "sut", "sut", "{C9BDB0ED-5474-465D-AB6A-ADD31027E59B}"
EndProject
Project("{9A19103F-16F7-4668-BE54-9A1E7A4F7556}") = "MaterialAngular", "sut\MaterialAngular\MaterialAngular.csproj", "{69BF4913-ED78-4539-A689-18C75E2F65E7}"
EndProject
Project("{9A19103F-16F7-4668-BE54-9A1E7A4F7556}") = "Zelenium.IntegrationTests", "test\Zelenium.IntegrationTests\Zelenium.IntegrationTests.csproj", "{57502523-1D5C-47E2-80B0-F9EC40A8D3A7}"
EndProject
Project("{9A19103F-16F7-4668-BE54-9A1E7A4F7556}") = "Zelenium.WebDriverManager", "src\Zelenium.WebDriverManager\Zelenium.WebDriverManager.csproj", "{F2BA7CE9-D38A-4C70-848E-9EE599D5D04B}"
EndProject
Global
	GlobalSection(SolutionConfigurationPlatforms) = preSolution
		Debug|Any CPU = Debug|Any CPU
		Release|Any CPU = Release|Any CPU
	EndGlobalSection
	GlobalSection(ProjectConfigurationPlatforms) = postSolution
		{0FEBFBDC-47C7-42E0-BEE0-BED713A3B988}.Debug|Any CPU.ActiveCfg = Debug|Any CPU
		{0FEBFBDC-47C7-42E0-BEE0-BED713A3B988}.Debug|Any CPU.Build.0 = Debug|Any CPU
		{0FEBFBDC-47C7-42E0-BEE0-BED713A3B988}.Release|Any CPU.ActiveCfg = Release|Any CPU
		{0FEBFBDC-47C7-42E0-BEE0-BED713A3B988}.Release|Any CPU.Build.0 = Release|Any CPU
		{A850069B-73C3-42B5-935A-7D96798C108C}.Debug|Any CPU.ActiveCfg = Debug|Any CPU
		{A850069B-73C3-42B5-935A-7D96798C108C}.Debug|Any CPU.Build.0 = Debug|Any CPU
		{A850069B-73C3-42B5-935A-7D96798C108C}.Release|Any CPU.ActiveCfg = Release|Any CPU
		{A850069B-73C3-42B5-935A-7D96798C108C}.Release|Any CPU.Build.0 = Release|Any CPU
		{69BF4913-ED78-4539-A689-18C75E2F65E7}.Debug|Any CPU.ActiveCfg = Debug|Any CPU
		{69BF4913-ED78-4539-A689-18C75E2F65E7}.Debug|Any CPU.Build.0 = Debug|Any CPU
		{69BF4913-ED78-4539-A689-18C75E2F65E7}.Release|Any CPU.ActiveCfg = Release|Any CPU
		{69BF4913-ED78-4539-A689-18C75E2F65E7}.Release|Any CPU.Build.0 = Release|Any CPU
		{57502523-1D5C-47E2-80B0-F9EC40A8D3A7}.Debug|Any CPU.ActiveCfg = Debug|Any CPU
		{57502523-1D5C-47E2-80B0-F9EC40A8D3A7}.Debug|Any CPU.Build.0 = Debug|Any CPU
		{57502523-1D5C-47E2-80B0-F9EC40A8D3A7}.Release|Any CPU.ActiveCfg = Release|Any CPU
		{57502523-1D5C-47E2-80B0-F9EC40A8D3A7}.Release|Any CPU.Build.0 = Release|Any CPU
		{F2BA7CE9-D38A-4C70-848E-9EE599D5D04B}.Debug|Any CPU.ActiveCfg = Debug|Any CPU
		{F2BA7CE9-D38A-4C70-848E-9EE599D5D04B}.Debug|Any CPU.Build.0 = Debug|Any CPU
		{F2BA7CE9-D38A-4C70-848E-9EE599D5D04B}.Release|Any CPU.ActiveCfg = Release|Any CPU
		{F2BA7CE9-D38A-4C70-848E-9EE599D5D04B}.Release|Any CPU.Build.0 = Release|Any CPU
	EndGlobalSection
	GlobalSection(SolutionProperties) = preSolution
		HideSolutionNode = FALSE
	EndGlobalSection
	GlobalSection(NestedProjects) = preSolution
		{0FEBFBDC-47C7-42E0-BEE0-BED713A3B988} = {E5F0C2B3-BBD1-4636-8EF6-3A75ACC44249}
		{A850069B-73C3-42B5-935A-7D96798C108C} = {7D9F3145-76F9-4208-B791-FFD27E7A79F7}
		{69BF4913-ED78-4539-A689-18C75E2F65E7} = {C9BDB0ED-5474-465D-AB6A-ADD31027E59B}
		{57502523-1D5C-47E2-80B0-F9EC40A8D3A7} = {7D9F3145-76F9-4208-B791-FFD27E7A79F7}
		{F2BA7CE9-D38A-4C70-848E-9EE599D5D04B} = {E5F0C2B3-BBD1-4636-8EF6-3A75ACC44249}
	EndGlobalSection
	GlobalSection(ExtensibilityGlobals) = postSolution
		SolutionGuid = {7FCC6C77-E70F-4478-87CE-8858AA588EBA}
	EndGlobalSection
EndGlobal
